
Microsoft Visual Studio Solution File, Format Version 12.00
# Visual Studio Version 17
VisualStudioVersion = 17.9.34714.143
MinimumVisualStudioVersion = 10.0.40219.1
Project("{9A19103F-16F7-4668-BE54-9A1E7A4F7556}") = "WebHello", "Day 1\WebHello\WebHello.csproj", "{7B2B1800-AB0F-4AFD-91F7-137C94E65DC6}"
EndProject
Project("{9A19103F-16F7-4668-BE54-9A1E7A4F7556}") = "WebRouteEndpoints", "Day 1\WebRouteEndpoints\WebRouteEndpoints.csproj", "{A81048AC-2A2A-4665-BF8E-E092D7644B2B}"
EndProject
Project("{9A19103F-16F7-4668-BE54-9A1E7A4F7556}") = "WebMVC", "Day 2\WebMVC\WebMVC.csproj", "{977E2FFF-FDCB-4BCC-8799-8F30F8843031}"
EndProject
Project("{9A19103F-16F7-4668-BE54-9A1E7A4F7556}") = "LabMVC", "Day 2\LabMVC\LabMVC.csproj", "{7F70A6FC-E823-43CD-8BB0-F08139D6C579}"
EndProject
Project("{9A19103F-16F7-4668-BE54-9A1E7A4F7556}") = "WebDI", "Day 3\WebDI\WebDI.csproj", "{0AB67A19-45A4-4BC8-A324-7C78E32D4530}"
EndProject
Project("{9A19103F-16F7-4668-BE54-9A1E7A4F7556}") = "WebEFC", "Day 4\WebEFC\WebEFC.csproj", "{951064DF-6D09-43C0-95F6-F922FF2B0481}"
EndProject
Project("{9A19103F-16F7-4668-BE54-9A1E7A4F7556}") = "CoinWeb", "Day 4\CoinWeb\CoinWeb.csproj", "{FDE2AC7B-1A08-497C-8D3F-123F6457FB64}"
EndProject
Project("{9A19103F-16F7-4668-BE54-9A1E7A4F7556}") = "WebRazorEFC", "Day 4\WebRazorEFC\WebRazorEFC.csproj", "{0E3EDEC1-C4A4-4135-B104-5E6494D36E47}"
EndProject
Project("{9A19103F-16F7-4668-BE54-9A1E7A4F7556}") = "WebMVC.Test", "Day 4\WebMVC.Test\WebMVC.Test.csproj", "{915E7AB4-87CF-499C-92EA-0A27F44597D2}"
EndProject
Project("{9A19103F-16F7-4668-BE54-9A1E7A4F7556}") = "WebHello.Test", "Day 5\WebHello.Test\WebHello.Test.csproj", "{BE415BD0-E5EF-47A4-BD49-BCFA8FF861CD}"
EndProject
Project("{FAE04EC0-301F-11D3-BF4B-00C04F79EFBC}") = "WebObjectPool", "Day 5\WebObjectPool\WebObjectPool.csproj", "{9F4CD6F8-E4E9-4F71-8316-ACEE9231BE92}"
EndProject
Project("{FAE04EC0-301F-11D3-BF4B-00C04F79EFBC}") = "WebHttps", "Day 5\WebHttps\WebHttps.csproj", "{D39CA26C-D9F8-4F1D-888B-06705DD1DA96}"
EndProject
Global
	GlobalSection(SolutionConfigurationPlatforms) = preSolution
		Debug|Any CPU = Debug|Any CPU
		Release|Any CPU = Release|Any CPU
	EndGlobalSection
	GlobalSection(ProjectConfigurationPlatforms) = postSolution
		{7B2B1800-AB0F-4AFD-91F7-137C94E65DC6}.Debug|Any CPU.ActiveCfg = Debug|Any CPU
		{7B2B1800-AB0F-4AFD-91F7-137C94E65DC6}.Debug|Any CPU.Build.0 = Debug|Any CPU
		{7B2B1800-AB0F-4AFD-91F7-137C94E65DC6}.Release|Any CPU.ActiveCfg = Release|Any CPU
		{7B2B1800-AB0F-4AFD-91F7-137C94E65DC6}.Release|Any CPU.Build.0 = Release|Any CPU
		{A81048AC-2A2A-4665-BF8E-E092D7644B2B}.Debug|Any CPU.ActiveCfg = Debug|Any CPU
		{A81048AC-2A2A-4665-BF8E-E092D7644B2B}.Debug|Any CPU.Build.0 = Debug|Any CPU
		{A81048AC-2A2A-4665-BF8E-E092D7644B2B}.Release|Any CPU.ActiveCfg = Release|Any CPU
		{A81048AC-2A2A-4665-BF8E-E092D7644B2B}.Release|Any CPU.Build.0 = Release|Any CPU
		{977E2FFF-FDCB-4BCC-8799-8F30F8843031}.Debug|Any CPU.ActiveCfg = Debug|Any CPU
		{977E2FFF-FDCB-4BCC-8799-8F30F8843031}.Debug|Any CPU.Build.0 = Debug|Any CPU
		{977E2FFF-FDCB-4BCC-8799-8F30F8843031}.Release|Any CPU.ActiveCfg = Release|Any CPU
		{977E2FFF-FDCB-4BCC-8799-8F30F8843031}.Release|Any CPU.Build.0 = Release|Any CPU
		{7F70A6FC-E823-43CD-8BB0-F08139D6C579}.Debug|Any CPU.ActiveCfg = Debug|Any CPU
		{7F70A6FC-E823-43CD-8BB0-F08139D6C579}.Debug|Any CPU.Build.0 = Debug|Any CPU
		{7F70A6FC-E823-43CD-8BB0-F08139D6C579}.Release|Any CPU.ActiveCfg = Release|Any CPU
		{7F70A6FC-E823-43CD-8BB0-F08139D6C579}.Release|Any CPU.Build.0 = Release|Any CPU
		{0AB67A19-45A4-4BC8-A324-7C78E32D4530}.Debug|Any CPU.ActiveCfg = Debug|Any CPU
		{0AB67A19-45A4-4BC8-A324-7C78E32D4530}.Debug|Any CPU.Build.0 = Debug|Any CPU
		{0AB67A19-45A4-4BC8-A324-7C78E32D4530}.Release|Any CPU.ActiveCfg = Release|Any CPU
		{0AB67A19-45A4-4BC8-A324-7C78E32D4530}.Release|Any CPU.Build.0 = Release|Any CPU
		{951064DF-6D09-43C0-95F6-F922FF2B0481}.Debug|Any CPU.ActiveCfg = Debug|Any CPU
		{951064DF-6D09-43C0-95F6-F922FF2B0481}.Debug|Any CPU.Build.0 = Debug|Any CPU
		{951064DF-6D09-43C0-95F6-F922FF2B0481}.Release|Any CPU.ActiveCfg = Release|Any CPU
		{951064DF-6D09-43C0-95F6-F922FF2B0481}.Release|Any CPU.Build.0 = Release|Any CPU
		{FDE2AC7B-1A08-497C-8D3F-123F6457FB64}.Debug|Any CPU.ActiveCfg = Debug|Any CPU
		{FDE2AC7B-1A08-497C-8D3F-123F6457FB64}.Debug|Any CPU.Build.0 = Debug|Any CPU
		{FDE2AC7B-1A08-497C-8D3F-123F6457FB64}.Release|Any CPU.ActiveCfg = Release|Any CPU
		{FDE2AC7B-1A08-497C-8D3F-123F6457FB64}.Release|Any CPU.Build.0 = Release|Any CPU
		{0E3EDEC1-C4A4-4135-B104-5E6494D36E47}.Debug|Any CPU.ActiveCfg = Debug|Any CPU
		{0E3EDEC1-C4A4-4135-B104-5E6494D36E47}.Debug|Any CPU.Build.0 = Debug|Any CPU
		{0E3EDEC1-C4A4-4135-B104-5E6494D36E47}.Release|Any CPU.ActiveCfg = Release|Any CPU
		{0E3EDEC1-C4A4-4135-B104-5E6494D36E47}.Release|Any CPU.Build.0 = Release|Any CPU
		{915E7AB4-87CF-499C-92EA-0A27F44597D2}.Debug|Any CPU.ActiveCfg = Debug|Any CPU
		{915E7AB4-87CF-499C-92EA-0A27F44597D2}.Debug|Any CPU.Build.0 = Debug|Any CPU
		{915E7AB4-87CF-499C-92EA-0A27F44597D2}.Release|Any CPU.ActiveCfg = Release|Any CPU
		{915E7AB4-87CF-499C-92EA-0A27F44597D2}.Release|Any CPU.Build.0 = Release|Any CPU
		{BE415BD0-E5EF-47A4-BD49-BCFA8FF861CD}.Debug|Any CPU.ActiveCfg = Debug|Any CPU
		{BE415BD0-E5EF-47A4-BD49-BCFA8FF861CD}.Debug|Any CPU.Build.0 = Debug|Any CPU
		{BE415BD0-E5EF-47A4-BD49-BCFA8FF861CD}.Release|Any CPU.ActiveCfg = Release|Any CPU
		{BE415BD0-E5EF-47A4-BD49-BCFA8FF861CD}.Release|Any CPU.Build.0 = Release|Any CPU
		{9F4CD6F8-E4E9-4F71-8316-ACEE9231BE92}.Debug|Any CPU.ActiveCfg = Debug|Any CPU
		{9F4CD6F8-E4E9-4F71-8316-ACEE9231BE92}.Debug|Any CPU.Build.0 = Debug|Any CPU
		{9F4CD6F8-E4E9-4F71-8316-ACEE9231BE92}.Release|Any CPU.ActiveCfg = Release|Any CPU
		{9F4CD6F8-E4E9-4F71-8316-ACEE9231BE92}.Release|Any CPU.Build.0 = Release|Any CPU
		{D39CA26C-D9F8-4F1D-888B-06705DD1DA96}.Debug|Any CPU.ActiveCfg = Debug|Any CPU
		{D39CA26C-D9F8-4F1D-888B-06705DD1DA96}.Debug|Any CPU.Build.0 = Debug|Any CPU
		{D39CA26C-D9F8-4F1D-888B-06705DD1DA96}.Release|Any CPU.ActiveCfg = Release|Any CPU
		{D39CA26C-D9F8-4F1D-888B-06705DD1DA96}.Release|Any CPU.Build.0 = Release|Any CPU
	EndGlobalSection
	GlobalSection(SolutionProperties) = preSolution
		HideSolutionNode = FALSE
	EndGlobalSection
	GlobalSection(ExtensibilityGlobals) = postSolution
		SolutionGuid = {95C91351-88B4-455A-9563-0034FB5D4758}
	EndGlobalSection
EndGlobal
