
Microsoft Visual Studio Solution File, Format Version 12.00
# Visual Studio Version 17
VisualStudioVersion = 17.9.34714.143
MinimumVisualStudioVersion = 10.0.40219.1
Project("{9A19103F-16F7-4668-BE54-9A1E7A4F7556}") = "WebHello", "WebHello\WebHello.csproj", "{7B2B1800-AB0F-4AFD-91F7-137C94E65DC6}"
EndProject
Project("{9A19103F-16F7-4668-BE54-9A1E7A4F7556}") = "WebRouteEndpoints", "WebRouteEndpoints\WebRouteEndpoints.csproj", "{A81048AC-2A2A-4665-BF8E-E092D7644B2B}"
EndProject
Project("{FAE04EC0-301F-11D3-BF4B-00C04F79EFBC}") = "WebMVC", "..\Day 2\WebMVC\WebMVC.csproj", "{977E2FFF-FDCB-4BCC-8799-8F30F8843031}"
EndProject
Project("{FAE04EC0-301F-11D3-BF4B-00C04F79EFBC}") = "LabMVC", "..\Day 2\LabMVC\LabMVC.csproj", "{7F70A6FC-E823-43CD-8BB0-F08139D6C579}"
EndProject
Global
	GlobalSection(SolutionConfigurationPlatforms) = preSolution
		Debug|Any CPU = Debug|Any CPU
		Release|Any CPU = Release|Any CPU
	EndGlobalSection
	GlobalSection(ProjectConfigurationPlatforms) = postSolution
		{7B2B1800-AB0F-4AFD-91F7-137C94E65DC6}.Debug|Any CPU.ActiveCfg = Debug|Any CPU
		{7B2B1800-AB0F-4AFD-91F7-137C94E65DC6}.Debug|Any CPU.Build.0 = Debug|Any CPU
		{7B2B1800-AB0F-4AFD-91F7-137C94E65DC6}.Release|Any CPU.ActiveCfg = Release|Any CPU
		{7B2B1800-AB0F-4AFD-91F7-137C94E65DC6}.Release|Any CPU.Build.0 = Release|Any CPU
		{A81048AC-2A2A-4665-BF8E-E092D7644B2B}.Debug|Any CPU.ActiveCfg = Debug|Any CPU
		{A81048AC-2A2A-4665-BF8E-E092D7644B2B}.Debug|Any CPU.Build.0 = Debug|Any CPU
		{A81048AC-2A2A-4665-BF8E-E092D7644B2B}.Release|Any CPU.ActiveCfg = Release|Any CPU
		{A81048AC-2A2A-4665-BF8E-E092D7644B2B}.Release|Any CPU.Build.0 = Release|Any CPU
		{977E2FFF-FDCB-4BCC-8799-8F30F8843031}.Debug|Any CPU.ActiveCfg = Debug|Any CPU
		{977E2FFF-FDCB-4BCC-8799-8F30F8843031}.Debug|Any CPU.Build.0 = Debug|Any CPU
		{977E2FFF-FDCB-4BCC-8799-8F30F8843031}.Release|Any CPU.ActiveCfg = Release|Any CPU
		{977E2FFF-FDCB-4BCC-8799-8F30F8843031}.Release|Any CPU.Build.0 = Release|Any CPU
		{7F70A6FC-E823-43CD-8BB0-F08139D6C579}.Debug|Any CPU.ActiveCfg = Debug|Any CPU
		{7F70A6FC-E823-43CD-8BB0-F08139D6C579}.Debug|Any CPU.Build.0 = Debug|Any CPU
		{7F70A6FC-E823-43CD-8BB0-F08139D6C579}.Release|Any CPU.ActiveCfg = Release|Any CPU
		{7F70A6FC-E823-43CD-8BB0-F08139D6C579}.Release|Any CPU.Build.0 = Release|Any CPU
	EndGlobalSection
	GlobalSection(SolutionProperties) = preSolution
		HideSolutionNode = FALSE
	EndGlobalSection
	GlobalSection(ExtensibilityGlobals) = postSolution
		SolutionGuid = {95C91351-88B4-455A-9563-0034FB5D4758}
	EndGlobalSection
EndGlobal
